// !$*UTF8*$!
{
	archiveVersion = 1;
	classes = {
	};
	objectVersion = 56;
	objects = {

/* Begin PBXBuildFile section */
		A10000012C1E000100000001 /* iOSApp.swift in Sources */ = {isa = PBXBuildFile; fileRef = A10000022C1E000100000001 /* iOSApp.swift */; };
		A10000032C1E000100000001 /* ContentView.swift in Sources */ = {isa = PBXBuildFile; fileRef = A10000042C1E000100000001 /* ContentView.swift */; };
		A10000052C1E000100000001 /* ComposeApp.framework in Frameworks */ = {isa = PBXBuildFile; fileRef = A10000062C1E000100000001 /* ComposeApp.framework */; settings = {ATTRIBUTES = (CodeSignOnCopy, ); }; };
/* End PBXBuildFile section */

/* Begin PBXFileReference section */
		A10000022C1E000100000001 /* iOSApp.swift */ = {isa = PBXFileReference; lastKnownFileType = sourcecode.swift; path = iOSApp.swift; sourceTree = "<group>"; };
		A10000042C1E000100000001 /* ContentView.swift */ = {isa = PBXFileReference; lastKnownFileType = sourcecode.swift; path = ContentView.swift; sourceTree = "<group>"; };
		A10000062C1E000100000001 /* ComposeApp.framework */ = {isa = PBXFileReference; lastKnownFileType = wrapper.framework; name = ComposeApp.framework; path = "../composeApp/build/bin/iosArm64/releaseFramework/ComposeApp.framework"; sourceTree = "<group>"; };
		A10000072C1E000100000001 /* Info.plist */ = {isa = PBXFileReference; lastKnownFileType = text.plist.xml; path = Info.plist; sourceTree = "<group>"; };
		A10000082C1E000100000001 /* Config.xcconfig */ = {isa = PBXFileReference; lastKnownFileType = text.xcconfig; path = Config.xcconfig; sourceTree = "<group>"; };
		A10000092C1E000100000001 /* BChat.app */ = {isa = PBXFileReference; explicitFileType = wrapper.application; includeInIndex = 0; path = BChat.app; sourceTree = BUILT_PRODUCTS_DIR; };
/* End PBXFileReference section */

/* Begin PBXFrameworksBuildPhase section */
		A100000A2C1E000100000001 /* Frameworks */ = {
			isa = PBXFrameworksBuildPhase;
			buildActionMask = 2147483647;
			files = (
				A10000052C1E000100000001 /* ComposeApp.framework in Frameworks */,
			);
			runOnlyForDeploymentPostprocessing = 0;
		};
/* End PBXFrameworksBuildPhase section */

/* Begin PBXGroup section */
		A100000B2C1E000100000001 = {
			isa = PBXGroup;
			children = (
				A100000C2C1E000100000001 /* iosApp */,
				A100000D2C1E000100000001 /* Configuration */,
				A100000E2C1E000100000001 /* Frameworks */,
				A100000F2C1E000100000001 /* Products */,
			);
			sourceTree = "<group>";
		};
		A100000C2C1E000100000001 /* iosApp */ = {
			isa = PBXGroup;
			children = (
				A10000022C1E000100000001 /* iOSApp.swift */,
				A10000042C1E000100000001 /* ContentView.swift */,
				A10000072C1E000100000001 /* Info.plist */,
			);
			path = iosApp;
			sourceTree = "<group>";
		};
		A100000D2C1E000100000001 /* Configuration */ = {
			isa = PBXGroup;
			children = (
				A10000082C1E000100000001 /* Config.xcconfig */,
			);
			path = Configuration;
			sourceTree = "<group>";
		};
		A100000E2C1E000100000001 /* Frameworks */ = {
			isa = PBXGroup;
			children = (
				A10000062C1E000100000001 /* ComposeApp.framework */,
			);
			name = Frameworks;
			sourceTree = "<group>";
		};
		A100000F2C1E000100000001 /* Products */ = {
			isa = PBXGroup;
			children = (
				A10000092C1E000100000001 /* BChat.app */,
			);
			name = Products;
			sourceTree = "<group>";
		};
/* End PBXGroup section */

/* Begin PBXNativeTarget section */
		A10000102C1E000100000001 /* iosApp */ = {
			isa = PBXNativeTarget;
			buildConfigurationList = A10000112C1E000100000001 /* Build configuration list for PBXNativeTarget "iosApp" */;
			buildPhases = (
				A10000122C1E000100000001 /* Compile Kotlin Framework */,
				A10000132C1E000100000001 /* Sources */,
				A100000A2C1E000100000001 /* Frameworks */,
				A10000142C1E000100000001 /* Embed Frameworks */,
			);
			buildRules = (
			);
			dependencies = (
			);
			name = iosApp;
			productName = iosApp;
			productReference = A10000092C1E000100000001 /* BChat.app */;
			productType = "com.apple.product-type.application";
		};
/* End PBXNativeTarget section */

/* Begin PBXProject section */
		A10000152C1E000100000001 /* Project object */ = {
			isa = PBXProject;
			attributes = {
				BuildIndependentTargetsInParallel = 1;
				LastSwiftUpdateCheck = 1500;
				LastUpgradeCheck = 1500;
				TargetAttributes = {
					A10000102C1E000100000001 = {
						CreatedOnToolsVersion = 15.0;
					};
				};
			};
			buildConfigurationList = A10000162C1E000100000001 /* Build configuration list for PBXProject "iosApp" */;
			compatibilityVersion = "Xcode 14.0";
			developmentRegion = en;
			hasScannedForEncodings = 0;
			knownRegions = (
				en,
				Base,
			);
			mainGroup = A100000B2C1E000100000001;
			productRefGroup = A100000F2C1E000100000001 /* Products */;
			projectDirPath = "";
			projectRoot = "";
			targets = (
				A10000102C1E000100000001 /* iosApp */,
			);
		};
/* End PBXProject section */

/* Begin PBXShellScriptBuildPhase section */
		A10000122C1E000100000001 /* Compile Kotlin Framework */ = {
			isa = PBXShellScriptBuildPhase;
			buildActionMask = 2147483647;
			files = (
			);
			inputFileListPaths = (
			);
			inputPaths = (
			);
			name = "Compile Kotlin Framework";
			outputFileListPaths = (
			);
			outputPaths = (
			);
			runOnlyForDeploymentPostprocessing = 0;
			shellPath = /bin/sh;
			shellScript = "cd \"$SRCROOT/..\"\n./gradlew :composeApp:embedAndSignAppleFrameworkForXcode\n";
		};
/* End PBXShellScriptBuildPhase section */

/* Begin PBXSourcesBuildPhase section */
		A10000132C1E000100000001 /* Sources */ = {
			isa = PBXSourcesBuildPhase;
			buildActionMask = 2147483647;
			files = (
				A10000012C1E000100000001 /* iOSApp.swift in Sources */,
				A10000032C1E000100000001 /* ContentView.swift in Sources */,
			);
			runOnlyForDeploymentPostprocessing = 0;
		};
/* End PBXSourcesBuildPhase section */

/* Begin PBXCopyFilesBuildPhase section */
		A10000142C1E000100000001 /* Embed Frameworks */ = {
			isa = PBXCopyFilesBuildPhase;
			buildActionMask = 2147483647;
			dstPath = "";
			dstSubfolderSpec = 10;
			files = (
			);
			name = "Embed Frameworks";
			runOnlyForDeploymentPostprocessing = 0;
		};
/* End PBXCopyFilesBuildPhase section */

/* Begin XCBuildConfiguration section */
		A10000172C1E000100000001 /* Debug */ = {
			isa = XCBuildConfiguration;
			buildSettings = {
				ALWAYS_SEARCH_USER_PATHS = NO;
				CLANG_ANALYZER_NONNULL = YES;
				CLANG_CXX_LANGUAGE_STANDARD = "gnu++20";
				CLANG_ENABLE_MODULES = YES;
				CLANG_ENABLE_OBJC_ARC = YES;
				COPY_PHASE_STRIP = NO;
				DEBUG_INFORMATION_FORMAT = dwarf;
				ENABLE_STRICT_OBJC_MSGSEND = YES;
				ENABLE_TESTABILITY = YES;
				GCC_DYNAMIC_NO_PIC = NO;
				GCC_NO_COMMON_BLOCKS = YES;
				GCC_OPTIMIZATION_LEVEL = 0;
				GCC_PREPROCESSOR_DEFINITIONS = (
					"DEBUG=1",
					"$(inherited)",
				);
				GCC_WARN_64_TO_32_BIT_CONVERSION = YES;
				GCC_WARN_ABOUT_RETURN_TYPE = YES_ERROR;
				GCC_WARN_UNINITIALIZED_AUTOS = YES_AGGRESSIVE;
				IPHONEOS_DEPLOYMENT_TARGET = 15.0;
				MTL_ENABLE_DEBUG_INFO = INCLUDE_SOURCE;
				ONLY_ACTIVE_ARCH = YES;
				SDKROOT = iphoneos;
				SWIFT_ACTIVE_COMPILATION_CONDITIONS = DEBUG;
				SWIFT_OPTIMIZATION_LEVEL = "-Onone";
			};
			name = Debug;
		};
		A10000182C1E000100000001 /* Release */ = {
			isa = XCBuildConfiguration;
			buildSettings = {
				ALWAYS_SEARCH_USER_PATHS = NO;
				CLANG_ANALYZER_NONNULL = YES;
				CLANG_CXX_LANGUAGE_STANDARD = "gnu++20";
				CLANG_ENABLE_MODULES = YES;
				CLANG_ENABLE_OBJC_ARC = YES;
				COPY_PHASE_STRIP = NO;
				DEBUG_INFORMATION_FORMAT = "dwarf-with-dsym";
				ENABLE_NS_ASSERTIONS = NO;
				ENABLE_STRICT_OBJC_MSGSEND = YES;
				GCC_NO_COMMON_BLOCKS = YES;
				GCC_WARN_64_TO_32_BIT_CONVERSION = YES;
				GCC_WARN_ABOUT_RETURN_TYPE = YES_ERROR;
				GCC_WARN_UNINITIALIZED_AUTOS = YES_AGGRESSIVE;
				IPHONEOS_DEPLOYMENT_TARGET = 15.0;
				MTL_ENABLE_DEBUG_INFO = NO;
				SDKROOT = iphoneos;
				SWIFT_COMPILATION_MODE = wholemodule;
				SWIFT_OPTIMIZATION_LEVEL = "-O";
				VALIDATE_PRODUCT = YES;
			};
			name = Release;
		};
		A10000192C1E000100000001 /* Debug */ = {
			isa = XCBuildConfiguration;
			baseConfigurationReference = A10000082C1E000100000001 /* Config.xcconfig */;
			buildSettings = {
				ASSETCATALOG_COMPILER_APPICON_NAME = AppIcon;
				CODE_SIGN_STYLE = Automatic;
				CODE_SIGN_IDENTITY = "-";
				CODE_SIGNING_REQUIRED = NO;
				CODE_SIGNING_ALLOWED = YES;
				CURRENT_PROJECT_VERSION = 1;
				ENABLE_PREVIEWS = YES;
				GENERATE_INFOPLIST_FILE = NO;
				INFOPLIST_FILE = iosApp/Info.plist;
				INFOPLIST_KEY_CFBundleDisplayName = BChat;
				IPHONEOS_DEPLOYMENT_TARGET = 15.0;
				LD_RUNPATH_SEARCH_PATHS = (
					"$(inherited)",
					"@executable_path/Frameworks",
				);
				MARKETING_VERSION = 1.0;
				PRODUCT_BUNDLE_IDENTIFIER = com.praveen.bchat;
				PRODUCT_NAME = BChat;
				SWIFT_EMIT_LOC_STRINGS = YES;
				SWIFT_VERSION = 5.0;
				TARGETED_DEVICE_FAMILY = "1,2";
			};
			name = Debug;
		};
		A100001A2C1E000100000001 /* Release */ = {
			isa = XCBuildConfiguration;
			baseConfigurationReference = A10000082C1E000100000001 /* Config.xcconfig */;
			buildSettings = {
				ASSETCATALOG_COMPILER_APPICON_NAME = AppIcon;
				CODE_SIGN_STYLE = Automatic;
				CODE_SIGN_IDENTITY = "-";
				CODE_SIGNING_REQUIRED = NO;
				CODE_SIGNING_ALLOWED = YES;
				CURRENT_PROJECT_VERSION = 1;
				ENABLE_PREVIEWS = YES;
				GENERATE_INFOPLIST_FILE = NO;
				INFOPLIST_FILE = iosApp/Info.plist;
				INFOPLIST_KEY_CFBundleDisplayName = BChat;
				IPHONEOS_DEPLOYMENT_TARGET = 15.0;
				LD_RUNPATH_SEARCH_PATHS = (
					"$(inherited)",
					"@executable_path/Frameworks",
				);
				MARKETING_VERSION = 1.0;
				PRODUCT_BUNDLE_IDENTIFIER = com.praveen.bchat;
				PRODUCT_NAME = BChat;
				SWIFT_EMIT_LOC_STRINGS = YES;
				SWIFT_VERSION = 5.0;
				TARGETED_DEVICE_FAMILY = "1,2";
			};
			name = Release;
		};
/* End XCBuildConfiguration section */

/* Begin XCConfigurationList section */
		A10000162C1E000100000001 /* Build configuration list for PBXProject "iosApp" */ = {
			isa = XCConfigurationList;
			buildConfigurations = (
				A10000172C1E000100000001 /* Debug */,
				A10000182C1E000100000001 /* Release */,
			);
			defaultConfigurationIsVisible = 0;
			defaultConfigurationName = Release;
		};
		A10000112C1E000100000001 /* Build configuration list for PBXNativeTarget "iosApp" */ = {
			isa = XCConfigurationList;
			buildConfigurations = (
				A10000192C1E000100000001 /* Debug */,
				A100001A2C1E000100000001 /* Release */,
			);
			defaultConfigurationIsVisible = 0;
			defaultConfigurationName = Release;
		};
/* End XCConfigurationList section */
	};
	rootObject = A10000152C1E000100000001 /* Project object */;
}
